<?xml version="1.0" encoding="utf-8"?>
<Project ToolsVersion="16.0" xmlns="http://schemas.microsoft.com/developer/msbuild/2003">
  <ItemGroup>
    <ClCompile Include="C:\Users\myfatenine\source\repos\Gamma attenuation calculator\Gamma attenuation calculator\build\GammaAttenuationCalculatorQt_autogen\mocs_compilation_Debug.cpp">
      <Filter>Source Files</Filter>
    </ClCompile>
    <ClCompile Include="C:\Users\myfatenine\source\repos\Gamma attenuation calculator\Gamma attenuation calculator\main.cpp">
      <Filter>Source Files</Filter>
    </ClCompile>
    <ClCompile Include="C:\Users\myfatenine\source\repos\Gamma attenuation calculator\Gamma attenuation calculator\MainWindow.cpp">
      <Filter>Source Files</Filter>
    </ClCompile>
    <ClCompile Include="C:\Users\myfatenine\source\repos\Gamma attenuation calculator\Gamma attenuation calculator\AttenuationCalculator.cpp">
      <Filter>Source Files</Filter>
    </ClCompile>
    <ClCompile Include="C:\Users\myfatenine\source\repos\Gamma attenuation calculator\Gamma attenuation calculator\build\GammaAttenuationCalculatorQt_autogen\mocs_compilation_Release.cpp">
      <Filter>Source Files</Filter>
    </ClCompile>
    <ClCompile Include="C:\Users\myfatenine\source\repos\Gamma attenuation calculator\Gamma attenuation calculator\build\GammaAttenuationCalculatorQt_autogen\mocs_compilation_MinSizeRel.cpp">
      <Filter>Source Files</Filter>
    </ClCompile>
    <ClCompile Include="C:\Users\myfatenine\source\repos\Gamma attenuation calculator\Gamma attenuation calculator\build\GammaAttenuationCalculatorQt_autogen\mocs_compilation_RelWithDebInfo.cpp">
      <Filter>Source Files</Filter>
    </ClCompile>
  </ItemGroup>
  <ItemGroup>
    <ClInclude Include="C:\Users\myfatenine\source\repos\Gamma attenuation calculator\Gamma attenuation calculator\MainWindow.h">
      <Filter>Header Files</Filter>
    </ClInclude>
    <ClInclude Include="C:\Users\myfatenine\source\repos\Gamma attenuation calculator\Gamma attenuation calculator\AttenuationCalculator.h">
      <Filter>Header Files</Filter>
    </ClInclude>
  </ItemGroup>
  <ItemGroup>
    <CustomBuild Include="C:\Users\myfatenine\source\repos\Gamma attenuation calculator\Gamma attenuation calculator\CMakeLists.txt" />
  </ItemGroup>
  <ItemGroup>
    <Filter Include="Header Files">
      <UniqueIdentifier>{4952F0A8-DD3E-33AA-825C-B1FE5BBC8717}</UniqueIdentifier>
    </Filter>
    <Filter Include="Source Files">
      <UniqueIdentifier>{A68EBEDE-A55D-357F-801E-4F77719206CF}</UniqueIdentifier>
    </Filter>
  </ItemGroup>
</Project>
